# This file is autogenerated, do not edit; changes may be undone by the next 'dep ensure'.


[[projects]]
  digest = "1:a82223630c35be0e7b7e543bf8db95b8de3f1319671b30c6104ea521a00f36fd"
  name = "github.com/mitchellh/gox"
  packages = ["."]
  pruneopts = "UT"
  revision = "c9740af9c6574448fd48eb30a71f964014c7a837"
  version = "v0.4.0"

[[projects]]
  digest = "1:05b88b3e999037a6f95fa9edc8234b3a12a1c9d12aaa93e0515c0a9aa76b9c10"
  name = "github.com/mitchellh/iochan"
  packages = ["."]
  pruneopts = "UT"
  revision = "b6e3aadd28864e14dae41ff5c7261455b1242d24"
  version = "v1.0.0"

[[projects]]
  digest = "1:b24d38b282bacf9791408a080f606370efa3d364e4b5fd9ba0f7b87786d3b679"
  name = "github.com/urfave/cli"
  packages = ["."]
  pruneopts = "UT"
  revision = "cfb38830724cc34fedffe9a2a29fb54fa9169cd1"
  version = "v1.20.0"

[solve-meta]
  analyzer-name = "dep"
  analyzer-version = 1
  input-imports = [
    "github.com/mitchellh/gox",
    "github.com/urfave/cli",
  ]
  solver-name = "gps-cdcl"
  solver-version = 1
